
Microsoft Visual Studio Solution File, Format Version 12.00
# Visual Studio 15
VisualStudioVersion = 15.0.26430.12
MinimumVisualStudioVersion = 10.0.40219.1
Project("{FAE04EC0-301F-11D3-BF4B-00C04F79EFBC}") = "ProjectName", "ProjectName\ProjectName.csproj", "{8E0036E3-DE3D-4AAA-9825-FB79AEF143F7}"
EndProject
Project("{FAE04EC0-301F-11D3-BF4B-00C04F79EFBC}") = "ProjectName.Tests", "ProjectName.Tests\ProjectName.Tests.csproj", "{22A7FE05-1461-4046-957D-C2E46C1B5593}"
EndProject
Global
	GlobalSection(SolutionConfigurationPlatforms) = preSolution
		Debug|Any CPU = Debug|Any CPU
		Release|Any CPU = Release|Any CPU
	EndGlobalSection
	GlobalSection(ProjectConfigurationPlatforms) = postSolution
		{8E0036E3-DE3D-4AAA-9825-FB79AEF143F7}.Debug|Any CPU.ActiveCfg = Debug|Any CPU
		{8E0036E3-DE3D-4AAA-9825-FB79AEF143F7}.Debug|Any CPU.Build.0 = Debug|Any CPU
		{8E0036E3-DE3D-4AAA-9825-FB79AEF143F7}.Release|Any CPU.ActiveCfg = Release|Any CPU
		{8E0036E3-DE3D-4AAA-9825-FB79AEF143F7}.Release|Any CPU.Build.0 = Release|Any CPU
		{22A7FE05-1461-4046-957D-C2E46C1B5593}.Debug|Any CPU.ActiveCfg = Debug|Any CPU
		{22A7FE05-1461-4046-957D-C2E46C1B5593}.Debug|Any CPU.Build.0 = Debug|Any CPU
		{22A7FE05-1461-4046-957D-C2E46C1B5593}.Release|Any CPU.ActiveCfg = Release|Any CPU
		{22A7FE05-1461-4046-957D-C2E46C1B5593}.Release|Any CPU.Build.0 = Release|Any CPU
	EndGlobalSection
	GlobalSection(SolutionProperties) = preSolution
		HideSolutionNode = FALSE
	EndGlobalSection
	GlobalSection(TeamFoundationVersionControl) = preSolution
		SccNumberOfProjects = 3
		SccEnterpriseProvider = {4CA58AB2-18FA-4F8D-95D4-32DDF27D184C}
		SccTeamFoundationServer = https://stefam.visualstudio.com/
		SccLocalPath0 = .
		SccProjectUniqueName1 = ProjectName\\ProjectName.csproj
		SccProjectName1 = ProjectName
		SccLocalPath1 = ProjectName
		SccProjectUniqueName2 = ProjectName.Tests\\ProjectName.Tests.csproj
		SccProjectName2 = ProjectName.Tests
		SccLocalPath2 = ProjectName.Tests
	EndGlobalSection
EndGlobal
